
Microsoft Visual Studio Solution File, Format Version 12.00
# Visual Studio Version 17
VisualStudioVersion = 17.1.32328.378
MinimumVisualStudioVersion = 10.0.40219.1
Project("{9A19103F-16F7-4668-BE54-9A1E7A4F7556}") = "CleanArchitectureTemplate.Api", "CleanArchitectureTemplate.Api\CleanArchitectureTemplate.Api.csproj", "{5CC44DD6-78C4-474D-BB47-4EEAC8313BF9}"
EndProject
Project("{9A19103F-16F7-4668-BE54-9A1E7A4F7556}") = "CleanArchitectureTemplate.Domain", "CleanArchitectureTemplate.Domain\CleanArchitectureTemplate.Domain.csproj", "{AFB3BFB0-C812-4923-971D-F76C719384E1}"
EndProject
Project("{9A19103F-16F7-4668-BE54-9A1E7A4F7556}") = "CleanArchitectureTemplate.Application", "CleanArchitectureTemplate.Application\CleanArchitectureTemplate.Application.csproj", "{882D5356-7577-43F2-A25A-0B0FA6696EEA}"
EndProject
Project("{9A19103F-16F7-4668-BE54-9A1E7A4F7556}") = "CleanArchitectureTemplate.Persistence", "CleanArchitectureTemplate.Persistence\CleanArchitectureTemplate.Persistence.csproj", "{E8213654-84E0-4301-9BE2-5D5DD285C71D}"
EndProject
Project("{9A19103F-16F7-4668-BE54-9A1E7A4F7556}") = "CleanArchitectureTemplate.Infrastructure", "CleanArchitectureTemplate.Infrastructure\CleanArchitectureTemplate.Infrastructure.csproj", "{2E9A27F6-8EFF-4C2C-99B6-EB8F69372769}"
EndProject
Global
	GlobalSection(SolutionConfigurationPlatforms) = preSolution
		Debug|Any CPU = Debug|Any CPU
		Release|Any CPU = Release|Any CPU
	EndGlobalSection
	GlobalSection(ProjectConfigurationPlatforms) = postSolution
		{5CC44DD6-78C4-474D-BB47-4EEAC8313BF9}.Debug|Any CPU.ActiveCfg = Debug|Any CPU
		{5CC44DD6-78C4-474D-BB47-4EEAC8313BF9}.Debug|Any CPU.Build.0 = Debug|Any CPU
		{5CC44DD6-78C4-474D-BB47-4EEAC8313BF9}.Release|Any CPU.ActiveCfg = Release|Any CPU
		{5CC44DD6-78C4-474D-BB47-4EEAC8313BF9}.Release|Any CPU.Build.0 = Release|Any CPU
		{AFB3BFB0-C812-4923-971D-F76C719384E1}.Debug|Any CPU.ActiveCfg = Debug|Any CPU
		{AFB3BFB0-C812-4923-971D-F76C719384E1}.Debug|Any CPU.Build.0 = Debug|Any CPU
		{AFB3BFB0-C812-4923-971D-F76C719384E1}.Release|Any CPU.ActiveCfg = Release|Any CPU
		{AFB3BFB0-C812-4923-971D-F76C719384E1}.Release|Any CPU.Build.0 = Release|Any CPU
		{882D5356-7577-43F2-A25A-0B0FA6696EEA}.Debug|Any CPU.ActiveCfg = Debug|Any CPU
		{882D5356-7577-43F2-A25A-0B0FA6696EEA}.Debug|Any CPU.Build.0 = Debug|Any CPU
		{882D5356-7577-43F2-A25A-0B0FA6696EEA}.Release|Any CPU.ActiveCfg = Release|Any CPU
		{882D5356-7577-43F2-A25A-0B0FA6696EEA}.Release|Any CPU.Build.0 = Release|Any CPU
		{E8213654-84E0-4301-9BE2-5D5DD285C71D}.Debug|Any CPU.ActiveCfg = Debug|Any CPU
		{E8213654-84E0-4301-9BE2-5D5DD285C71D}.Debug|Any CPU.Build.0 = Debug|Any CPU
		{E8213654-84E0-4301-9BE2-5D5DD285C71D}.Release|Any CPU.ActiveCfg = Release|Any CPU
		{E8213654-84E0-4301-9BE2-5D5DD285C71D}.Release|Any CPU.Build.0 = Release|Any CPU
		{2E9A27F6-8EFF-4C2C-99B6-EB8F69372769}.Debug|Any CPU.ActiveCfg = Debug|Any CPU
		{2E9A27F6-8EFF-4C2C-99B6-EB8F69372769}.Debug|Any CPU.Build.0 = Debug|Any CPU
		{2E9A27F6-8EFF-4C2C-99B6-EB8F69372769}.Release|Any CPU.ActiveCfg = Release|Any CPU
		{2E9A27F6-8EFF-4C2C-99B6-EB8F69372769}.Release|Any CPU.Build.0 = Release|Any CPU
	EndGlobalSection
	GlobalSection(SolutionProperties) = preSolution
		HideSolutionNode = FALSE
	EndGlobalSection
	GlobalSection(ExtensibilityGlobals) = postSolution
		SolutionGuid = {5F5262CD-9719-48BF-863A-065821A8DD98}
	EndGlobalSection
EndGlobal
